
Microsoft Visual Studio Solution File, Format Version 12.00
# Visual Studio Version 17
VisualStudioVersion = 17.14.36408.4
MinimumVisualStudioVersion = 10.0.40219.1
Project("{8BC9CEB8-8B4A-11D0-8D11-00A0C91BC942}") = "CppPkgStatic", "CppPkgStatic.vcxproj", "{A8AEBE50-72C0-4500-9D29-D950DD99EF61}"
EndProject
Project("{8BC9CEB8-8B4A-11D0-8D11-00A0C91BC942}") = "LibNonEC", "..\LibNonEC\LibNonEC.vcxproj", "{3B689CD9-EF76-423C-A552-358B43E2AA4C}"
EndProject
Project("{8BC9CEB8-8B4A-11D0-8D11-00A0C91BC942}") = "MyRC", "RuntimeComponent1\RuntimeComponent1.vcxproj", "{829B088F-E7FA-43FB-BD0A-FB07FB0061E4}"
EndProject
Global
	GlobalSection(SolutionConfigurationPlatforms) = preSolution
		Debug|ARM64 = Debug|ARM64
		Debug|ARM64EC = Debug|ARM64EC
		Debug|x64 = Debug|x64
		Debug|x86 = Debug|x86
		Release|ARM64 = Release|ARM64
		Release|ARM64EC = Release|ARM64EC
		Release|x64 = Release|x64
		Release|x86 = Release|x86
	EndGlobalSection
	GlobalSection(ProjectConfigurationPlatforms) = postSolution
		{A8AEBE50-72C0-4500-9D29-D950DD99EF61}.Debug|ARM64.ActiveCfg = Debug|ARM64
		{A8AEBE50-72C0-4500-9D29-D950DD99EF61}.Debug|ARM64.Build.0 = Debug|ARM64
		{A8AEBE50-72C0-4500-9D29-D950DD99EF61}.Debug|ARM64.Deploy.0 = Debug|ARM64
		{A8AEBE50-72C0-4500-9D29-D950DD99EF61}.Debug|ARM64EC.ActiveCfg = Debug|ARM64EC
		{A8AEBE50-72C0-4500-9D29-D950DD99EF61}.Debug|ARM64EC.Build.0 = Debug|ARM64EC
		{A8AEBE50-72C0-4500-9D29-D950DD99EF61}.Debug|ARM64EC.Deploy.0 = Debug|ARM64EC
		{A8AEBE50-72C0-4500-9D29-D950DD99EF61}.Debug|x64.ActiveCfg = Debug|x64
		{A8AEBE50-72C0-4500-9D29-D950DD99EF61}.Debug|x64.Build.0 = Debug|x64
		{A8AEBE50-72C0-4500-9D29-D950DD99EF61}.Debug|x64.Deploy.0 = Debug|x64
		{A8AEBE50-72C0-4500-9D29-D950DD99EF61}.Debug|x86.ActiveCfg = Debug|Win32
		{A8AEBE50-72C0-4500-9D29-D950DD99EF61}.Debug|x86.Build.0 = Debug|Win32
		{A8AEBE50-72C0-4500-9D29-D950DD99EF61}.Debug|x86.Deploy.0 = Debug|Win32
		{A8AEBE50-72C0-4500-9D29-D950DD99EF61}.Release|ARM64.ActiveCfg = Release|ARM64
		{A8AEBE50-72C0-4500-9D29-D950DD99EF61}.Release|ARM64.Build.0 = Release|ARM64
		{A8AEBE50-72C0-4500-9D29-D950DD99EF61}.Release|ARM64.Deploy.0 = Release|ARM64
		{A8AEBE50-72C0-4500-9D29-D950DD99EF61}.Release|ARM64EC.ActiveCfg = Release|ARM64EC
		{A8AEBE50-72C0-4500-9D29-D950DD99EF61}.Release|ARM64EC.Build.0 = Release|ARM64EC
		{A8AEBE50-72C0-4500-9D29-D950DD99EF61}.Release|ARM64EC.Deploy.0 = Release|ARM64EC
		{A8AEBE50-72C0-4500-9D29-D950DD99EF61}.Release|x64.ActiveCfg = Release|x64
		{A8AEBE50-72C0-4500-9D29-D950DD99EF61}.Release|x64.Build.0 = Release|x64
		{A8AEBE50-72C0-4500-9D29-D950DD99EF61}.Release|x64.Deploy.0 = Release|x64
		{A8AEBE50-72C0-4500-9D29-D950DD99EF61}.Release|x86.ActiveCfg = Release|Win32
		{A8AEBE50-72C0-4500-9D29-D950DD99EF61}.Release|x86.Build.0 = Release|Win32
		{A8AEBE50-72C0-4500-9D29-D950DD99EF61}.Release|x86.Deploy.0 = Release|Win32
		{3B689CD9-EF76-423C-A552-358B43E2AA4C}.Debug|ARM64.ActiveCfg = Debug|ARM64
		{3B689CD9-EF76-423C-A552-358B43E2AA4C}.Debug|ARM64.Build.0 = Debug|ARM64
		{3B689CD9-EF76-423C-A552-358B43E2AA4C}.Debug|ARM64EC.ActiveCfg = Debug|x64
		{3B689CD9-EF76-423C-A552-358B43E2AA4C}.Debug|ARM64EC.Build.0 = Debug|x64
		{3B689CD9-EF76-423C-A552-358B43E2AA4C}.Debug|x64.ActiveCfg = Debug|x64
		{3B689CD9-EF76-423C-A552-358B43E2AA4C}.Debug|x64.Build.0 = Debug|x64
		{3B689CD9-EF76-423C-A552-358B43E2AA4C}.Debug|x86.ActiveCfg = Debug|Win32
		{3B689CD9-EF76-423C-A552-358B43E2AA4C}.Debug|x86.Build.0 = Debug|Win32
		{3B689CD9-EF76-423C-A552-358B43E2AA4C}.Release|ARM64.ActiveCfg = Release|ARM64
		{3B689CD9-EF76-423C-A552-358B43E2AA4C}.Release|ARM64.Build.0 = Release|ARM64
		{3B689CD9-EF76-423C-A552-358B43E2AA4C}.Release|ARM64EC.ActiveCfg = Release|x64
		{3B689CD9-EF76-423C-A552-358B43E2AA4C}.Release|ARM64EC.Build.0 = Release|x64
		{3B689CD9-EF76-423C-A552-358B43E2AA4C}.Release|x64.ActiveCfg = Release|x64
		{3B689CD9-EF76-423C-A552-358B43E2AA4C}.Release|x64.Build.0 = Release|x64
		{3B689CD9-EF76-423C-A552-358B43E2AA4C}.Release|x86.ActiveCfg = Release|Win32
		{3B689CD9-EF76-423C-A552-358B43E2AA4C}.Release|x86.Build.0 = Release|Win32
		{829B088F-E7FA-43FB-BD0A-FB07FB0061E4}.Debug|ARM64.ActiveCfg = Debug|ARM64
		{829B088F-E7FA-43FB-BD0A-FB07FB0061E4}.Debug|ARM64.Build.0 = Debug|ARM64
		{829B088F-E7FA-43FB-BD0A-FB07FB0061E4}.Debug|ARM64EC.ActiveCfg = Debug|ARM64EC
		{829B088F-E7FA-43FB-BD0A-FB07FB0061E4}.Debug|ARM64EC.Build.0 = Debug|ARM64EC
		{829B088F-E7FA-43FB-BD0A-FB07FB0061E4}.Debug|x64.ActiveCfg = Debug|x64
		{829B088F-E7FA-43FB-BD0A-FB07FB0061E4}.Debug|x64.Build.0 = Debug|x64
		{829B088F-E7FA-43FB-BD0A-FB07FB0061E4}.Debug|x86.ActiveCfg = Debug|Win32
		{829B088F-E7FA-43FB-BD0A-FB07FB0061E4}.Debug|x86.Build.0 = Debug|Win32
		{829B088F-E7FA-43FB-BD0A-FB07FB0061E4}.Release|ARM64.ActiveCfg = Release|ARM64
		{829B088F-E7FA-43FB-BD0A-FB07FB0061E4}.Release|ARM64.Build.0 = Release|ARM64
		{829B088F-E7FA-43FB-BD0A-FB07FB0061E4}.Release|ARM64EC.ActiveCfg = Release|ARM64EC
		{829B088F-E7FA-43FB-BD0A-FB07FB0061E4}.Release|ARM64EC.Build.0 = Release|ARM64EC
		{829B088F-E7FA-43FB-BD0A-FB07FB0061E4}.Release|x64.ActiveCfg = Release|x64
		{829B088F-E7FA-43FB-BD0A-FB07FB0061E4}.Release|x64.Build.0 = Release|x64
		{829B088F-E7FA-43FB-BD0A-FB07FB0061E4}.Release|x86.ActiveCfg = Release|Win32
		{829B088F-E7FA-43FB-BD0A-FB07FB0061E4}.Release|x86.Build.0 = Release|Win32
	EndGlobalSection
	GlobalSection(SolutionProperties) = preSolution
		HideSolutionNode = FALSE
	EndGlobalSection
	GlobalSection(ExtensibilityGlobals) = postSolution
		SolutionGuid = {0F7D9A23-9942-4747-A54A-4A6B947F0EC1}
	EndGlobalSection
EndGlobal
